
Microsoft Visual Studio Solution File, Format Version 11.00
# Visual Studio 2010
Project("{FAE04EC0-301F-11D3-BF4B-00C04F79EFBC}") = "MangosUtil", "MangosUtil\MangosUtil.csproj", "{04B6F0AF-C2A5-4352-A8A7-C26E56803605}"
EndProject
Global
	GlobalSection(SolutionConfigurationPlatforms) = preSolution
		Debug|x86 = Debug|x86
		Release|x86 = Release|x86
	EndGlobalSection
	GlobalSection(ProjectConfigurationPlatforms) = postSolution
		{04B6F0AF-C2A5-4352-A8A7-C26E56803605}.Debug|x86.ActiveCfg = Debug|x86
		{04B6F0AF-C2A5-4352-A8A7-C26E56803605}.Debug|x86.Build.0 = Debug|x86
		{04B6F0AF-C2A5-4352-A8A7-C26E56803605}.Release|x86.ActiveCfg = Release|x86
		{04B6F0AF-C2A5-4352-A8A7-C26E56803605}.Release|x86.Build.0 = Release|x86
	EndGlobalSection
	GlobalSection(MonoDevelopProperties) = preSolution
		StartupItem = MangosUtil\MangosUtil.csproj
	EndGlobalSection
EndGlobal
